
Microsoft Visual Studio Solution File, Format Version 12.00
# Visual Studio Version 17
VisualStudioVersion = 17.3.32901.215
MinimumVisualStudioVersion = 10.0.40219.1
Project("{FAE04EC0-301F-11D3-BF4B-00C04F79EFBC}") = "zh1_konzi", "zh1_konzi\zh1_konzi.csproj", "{4D70E245-9685-4448-A84D-5C4310132946}"
EndProject
Project("{FAE04EC0-301F-11D3-BF4B-00C04F79EFBC}") = "Commun", "Commun\Commun.csproj", "{1F3FE7CC-6019-415D-8EE0-04FDE12B70CD}"
EndProject
Project("{FAE04EC0-301F-11D3-BF4B-00C04F79EFBC}") = "TestProject1", "TestProject1\TestProject1.csproj", "{410502AD-1C84-474B-B9A5-865FB73E85C1}"
EndProject
Global
	GlobalSection(SolutionConfigurationPlatforms) = preSolution
		Debug|Any CPU = Debug|Any CPU
		Release|Any CPU = Release|Any CPU
	EndGlobalSection
	GlobalSection(ProjectConfigurationPlatforms) = postSolution
		{4D70E245-9685-4448-A84D-5C4310132946}.Debug|Any CPU.ActiveCfg = Debug|Any CPU
		{4D70E245-9685-4448-A84D-5C4310132946}.Debug|Any CPU.Build.0 = Debug|Any CPU
		{4D70E245-9685-4448-A84D-5C4310132946}.Release|Any CPU.ActiveCfg = Release|Any CPU
		{4D70E245-9685-4448-A84D-5C4310132946}.Release|Any CPU.Build.0 = Release|Any CPU
		{1F3FE7CC-6019-415D-8EE0-04FDE12B70CD}.Debug|Any CPU.ActiveCfg = Debug|Any CPU
		{1F3FE7CC-6019-415D-8EE0-04FDE12B70CD}.Debug|Any CPU.Build.0 = Debug|Any CPU
		{1F3FE7CC-6019-415D-8EE0-04FDE12B70CD}.Release|Any CPU.ActiveCfg = Release|Any CPU
		{1F3FE7CC-6019-415D-8EE0-04FDE12B70CD}.Release|Any CPU.Build.0 = Release|Any CPU
		{410502AD-1C84-474B-B9A5-865FB73E85C1}.Debug|Any CPU.ActiveCfg = Debug|Any CPU
		{410502AD-1C84-474B-B9A5-865FB73E85C1}.Debug|Any CPU.Build.0 = Debug|Any CPU
		{410502AD-1C84-474B-B9A5-865FB73E85C1}.Release|Any CPU.ActiveCfg = Release|Any CPU
		{410502AD-1C84-474B-B9A5-865FB73E85C1}.Release|Any CPU.Build.0 = Release|Any CPU
	EndGlobalSection
	GlobalSection(SolutionProperties) = preSolution
		HideSolutionNode = FALSE
	EndGlobalSection
	GlobalSection(ExtensibilityGlobals) = postSolution
		SolutionGuid = {A3FD2C89-C317-4532-BFA2-C1FBCB9C138B}
	EndGlobalSection
EndGlobal
